PODS:
  - lottie-ios (4.0.1)
  - Nuke (10.7.1)
  - Swinject (2.8.2)

DEPENDENCIES:
  - lottie-ios
  - Nuke
  - Swinject

SPEC REPOS:
  https://github.com/CocoaPods/Specs.git:
    - lottie-ios
    - Nuke
    - Swinject

SPEC CHECKSUMS:
  lottie-ios: 54d22edf55b839f0929cabbfe609c9aa548b1145
  Nuke: 279f17a599fd1c83cf51de5e0e1f2db143a287b0
  Swinject: b4a11b31992e8668308dc594ba1cb9b3164a37ab

PODFILE CHECKSUM: 0728c62d2ae265fb4b722431e94713d2144e3eec

COCOAPODS: 1.11.3
